
Microsoft Visual Studio Solution File, Format Version 12.00
# Visual Studio Version 17
VisualStudioVersion = 17.1.32210.238
MinimumVisualStudioVersion = 10.0.40219.1
Project("{9A19103F-16F7-4668-BE54-9A1E7A4F7556}") = "CodeSmellAnnotations.Attributes", "src\CodeSmellAnnotations.Attributes\CodeSmellAnnotations.Attributes.csproj", "{35599156-16DB-4FCC-A2AD-899F1CDED0B9}"
EndProject
Project("{9A19103F-16F7-4668-BE54-9A1E7A4F7556}") = "CodeSmellAnnotations.Sandbox", "src\CodeSmellAnnotations.Sandbox\CodeSmellAnnotations.Sandbox.csproj", "{3EA15C71-CF75-4D77-9809-0631688C367F}"
EndProject
Project("{9A19103F-16F7-4668-BE54-9A1E7A4F7556}") = "CodeSmellAnnotations.Package", "src\CodeSmellAnnotations.Package\CodeSmellAnnotations.Package.csproj", "{38FA7439-A296-4B47-86F5-2A8930484656}"
EndProject
Project("{9A19103F-16F7-4668-BE54-9A1E7A4F7556}") = "CodeSmellAnnotations.Analyzers", "src\CodeSmellAnnotations.Analyzers\CodeSmellAnnotations.Analyzers.csproj", "{D0E3D557-631F-4DD1-9A66-E4DC602CA5C3}"
EndProject
Project("{9A19103F-16F7-4668-BE54-9A1E7A4F7556}") = "CodeSmellAnnotations.Tests", "CodeSmellAnnotations.Tests\CodeSmellAnnotations.Tests.csproj", "{62F6FB96-A5CB-43C5-84FD-A7E3FD60791D}"
EndProject
Project("{2150E333-8FDC-42A3-9474-1A3956D46DE8}") = "docs", "docs", "{BC30D4BC-4697-4235-8220-DF08AB58A061}"
	ProjectSection(SolutionItems) = preProject
		CodeSmell.md = CodeSmell.md
	EndProjectSection
EndProject
Global
	GlobalSection(SolutionConfigurationPlatforms) = preSolution
		Debug|Any CPU = Debug|Any CPU
		Release|Any CPU = Release|Any CPU
	EndGlobalSection
	GlobalSection(ProjectConfigurationPlatforms) = postSolution
		{35599156-16DB-4FCC-A2AD-899F1CDED0B9}.Debug|Any CPU.ActiveCfg = Debug|Any CPU
		{35599156-16DB-4FCC-A2AD-899F1CDED0B9}.Debug|Any CPU.Build.0 = Debug|Any CPU
		{35599156-16DB-4FCC-A2AD-899F1CDED0B9}.Release|Any CPU.ActiveCfg = Release|Any CPU
		{35599156-16DB-4FCC-A2AD-899F1CDED0B9}.Release|Any CPU.Build.0 = Release|Any CPU
		{3EA15C71-CF75-4D77-9809-0631688C367F}.Debug|Any CPU.ActiveCfg = Debug|Any CPU
		{3EA15C71-CF75-4D77-9809-0631688C367F}.Debug|Any CPU.Build.0 = Debug|Any CPU
		{3EA15C71-CF75-4D77-9809-0631688C367F}.Release|Any CPU.ActiveCfg = Release|Any CPU
		{3EA15C71-CF75-4D77-9809-0631688C367F}.Release|Any CPU.Build.0 = Release|Any CPU
		{38FA7439-A296-4B47-86F5-2A8930484656}.Debug|Any CPU.ActiveCfg = Debug|Any CPU
		{38FA7439-A296-4B47-86F5-2A8930484656}.Debug|Any CPU.Build.0 = Debug|Any CPU
		{38FA7439-A296-4B47-86F5-2A8930484656}.Release|Any CPU.ActiveCfg = Release|Any CPU
		{38FA7439-A296-4B47-86F5-2A8930484656}.Release|Any CPU.Build.0 = Release|Any CPU
		{D0E3D557-631F-4DD1-9A66-E4DC602CA5C3}.Debug|Any CPU.ActiveCfg = Debug|Any CPU
		{D0E3D557-631F-4DD1-9A66-E4DC602CA5C3}.Debug|Any CPU.Build.0 = Debug|Any CPU
		{D0E3D557-631F-4DD1-9A66-E4DC602CA5C3}.Release|Any CPU.ActiveCfg = Release|Any CPU
		{D0E3D557-631F-4DD1-9A66-E4DC602CA5C3}.Release|Any CPU.Build.0 = Release|Any CPU
		{62F6FB96-A5CB-43C5-84FD-A7E3FD60791D}.Debug|Any CPU.ActiveCfg = Debug|Any CPU
		{62F6FB96-A5CB-43C5-84FD-A7E3FD60791D}.Debug|Any CPU.Build.0 = Debug|Any CPU
		{62F6FB96-A5CB-43C5-84FD-A7E3FD60791D}.Release|Any CPU.ActiveCfg = Release|Any CPU
		{62F6FB96-A5CB-43C5-84FD-A7E3FD60791D}.Release|Any CPU.Build.0 = Release|Any CPU
	EndGlobalSection
	GlobalSection(SolutionProperties) = preSolution
		HideSolutionNode = FALSE
	EndGlobalSection
	GlobalSection(ExtensibilityGlobals) = postSolution
		SolutionGuid = {3CF08B8A-59A7-4832-B718-EB0AD7DD80DB}
	EndGlobalSection
EndGlobal
